{
    "hash": "0fd1c74a9b668733f2416ec1f545755f",
    "packages": [
        {
            "name": "cypresslab/compass-elephant",
            "version": "0.2.11",
            "source": {
                "type": "git",
                "url": "https://github.com/matteosister/CompassElephant",
                "reference": "v0.2.11"
            },
            "dist": {
                "type": "zip",
                "url": "https://github.com/matteosister/CompassElephant/archive/v0.2.11.zip",
                "reference": "v0.2.11",
                "shasum": ""
            },
            "require": {
                "php": ">=5.3.3",
                "symfony/process": "2.1.*",
                "symfony/finder": "2.1.*"
            },
            "time": "2012-12-27 06:57:18",
            "type": "library",
            "autoload": {
                "psr-0": {
                    "CompassElephant": "src/"
                }
            },
            "notification-url": "https://packagist.org/downloads/",
            "license": [
                "GPL3"
            ],
            "authors": [
                {
                    "name": "Matteo Giachino",
                    "email": "matteog@gmail.com",
                    "homepage": "https://github.com/matteosister/CypressTreeBundle/tree/develop",
                    "role": "Developer"
                }
            ],
            "description": "A library to manage a compass project with PHP",
            "homepage": "http://matteosister.github.com/CompassElephant",
            "keywords": [
                "css",
                "compass",
                "sass"
            ]
        },
        {
            "name": "symfony/finder",
            "version": "2.1.x-dev",
            "target-dir": "Symfony/Component/Finder",
            "source": {
                "type": "git",
                "url": "https://github.com/symfony/Finder",
                "reference": "v2.1.7"
            },
            "dist": {
                "type": "zip",
                "url": "https://github.com/symfony/Finder/archive/v2.1.7.zip",
                "reference": "v2.1.7",
                "shasum": ""
            },
            "require": {
                "php": ">=5.3.3"
            },
            "time": "2013-01-09 08:51:07",
            "type": "library",
            "autoload": {
                "psr-0": {
                    "Symfony\\Component\\Finder": ""
                }
            },
            "notification-url": "https://packagist.org/downloads/",
            "license": [
                "MIT"
            ],
            "authors": [
                {
                    "name": "Fabien Potencier",
                    "email": "fabien@symfony.com"
                },
                {
                    "name": "Symfony Community",
                    "homepage": "http://symfony.com/contributors"
                }
            ],
            "description": "Symfony Finder Component",
            "homepage": "http://symfony.com"
        },
        {
            "name": "symfony/process",
            "version": "2.1.x-dev",
            "target-dir": "Symfony/Component/Process",
            "source": {
                "type": "git",
                "url": "https://github.com/symfony/Process",
                "reference": "v2.1.7"
            },
            "dist": {
                "type": "zip",
                "url": "https://github.com/symfony/Process/archive/v2.1.7.zip",
                "reference": "v2.1.7",
                "shasum": ""
            },
            "require": {
                "php": ">=5.3.3"
            },
            "time": "2013-01-16 09:27:54",
            "type": "library",
            "autoload": {
                "psr-0": {
                    "Symfony\\Component\\Process": ""
                }
            },
            "notification-url": "https://packagist.org/downloads/",
            "license": [
                "MIT"
            ],
            "authors": [
                {
                    "name": "Fabien Potencier",
                    "email": "fabien@symfony.com"
                },
                {
                    "name": "Symfony Community",
                    "homepage": "http://symfony.com/contributors"
                }
            ],
            "description": "Symfony Process Component",
            "homepage": "http://symfony.com"
        }
    ],
    "packages-dev": null,
    "aliases": [

    ],
    "minimum-stability": "dev",
    "stability-flags": [

    ]
}
